
Microsoft Visual Studio Solution File, Format Version 12.00
# Visual Studio 15
Project("{FAE04EC0-301F-11D3-BF4B-00C04F79EFBC}") = "Assembly-CSharp", "Assembly-CSharp.csproj", "{F9241755-E7AA-8326-DBB2-ED1030E7AB9D}"
EndProject
Project("{FAE04EC0-301F-11D3-BF4B-00C04F79EFBC}") = "Assembly-CSharp-Editor", "Assembly-CSharp-Editor.csproj", "{038D266A-B5CB-25DF-5740-DEB078413752}"
EndProject
Global
	GlobalSection(SolutionConfigurationPlatforms) = preSolution
		Debug|Any CPU = Debug|Any CPU
		Release|Any CPU = Release|Any CPU
	EndGlobalSection
	GlobalSection(ProjectConfigurationPlatforms) = postSolution
		{F9241755-E7AA-8326-DBB2-ED1030E7AB9D}.Debug|Any CPU.ActiveCfg = Debug|Any CPU
		{F9241755-E7AA-8326-DBB2-ED1030E7AB9D}.Debug|Any CPU.Build.0 = Debug|Any CPU
		{F9241755-E7AA-8326-DBB2-ED1030E7AB9D}.Release|Any CPU.ActiveCfg = Release|Any CPU
		{F9241755-E7AA-8326-DBB2-ED1030E7AB9D}.Release|Any CPU.Build.0 = Release|Any CPU
		{038D266A-B5CB-25DF-5740-DEB078413752}.Debug|Any CPU.ActiveCfg = Debug|Any CPU
		{038D266A-B5CB-25DF-5740-DEB078413752}.Debug|Any CPU.Build.0 = Debug|Any CPU
		{038D266A-B5CB-25DF-5740-DEB078413752}.Release|Any CPU.ActiveCfg = Release|Any CPU
		{038D266A-B5CB-25DF-5740-DEB078413752}.Release|Any CPU.Build.0 = Release|Any CPU
	EndGlobalSection
	GlobalSection(SolutionProperties) = preSolution
		HideSolutionNode = FALSE
	EndGlobalSection
EndGlobal
